
Microsoft Visual Studio Solution File, Format Version 12.00
# Visual Studio Version 16
VisualStudioVersion = 16.0.31402.337
MinimumVisualStudioVersion = 10.0.40219.1
Project("{2150E333-8FDC-42A3-9474-1A3956D46DE8}") = "src", "src", "{35BB7376-78CD-4E9B-AB9D-A84AF07CA33D}"
EndProject
Project("{2150E333-8FDC-42A3-9474-1A3956D46DE8}") = "Core", "Core", "{E0F0A493-BF2D-46DA-8932-DEE03AD0A172}"
EndProject
Project("{2150E333-8FDC-42A3-9474-1A3956D46DE8}") = "Infrastructure", "Infrastructure", "{1B5E415F-0347-4CD9-AA9A-8C559F095514}"
EndProject
Project("{9A19103F-16F7-4668-BE54-9A1E7A4F7556}") = "BugTracker.Application", "BugTracker.Application\BugTracker.Application.csproj", "{4F88CAAA-2D4A-4E4C-83EF-881E4A1BF808}"
EndProject
Project("{9A19103F-16F7-4668-BE54-9A1E7A4F7556}") = "BugTracker.Domain", "BugTracker.Domain\BugTracker.Domain.csproj", "{93F69ACC-1D8F-445F-94B5-6074B15D7CE7}"
EndProject
Project("{9A19103F-16F7-4668-BE54-9A1E7A4F7556}") = "BugTracker.Infrastructure", "BugTracker.Infrastructure\BugTracker.Infrastructure.csproj", "{017F7F5C-5AD2-41A2-A2D1-460C8E748D9F}"
EndProject
Project("{9A19103F-16F7-4668-BE54-9A1E7A4F7556}") = "BugTracker.Persistence", "BugTracker.Persistence\BugTracker.Persistence.csproj", "{728AEE2B-841B-4FC0-B565-7BF876F3F238}"
EndProject
Project("{2150E333-8FDC-42A3-9474-1A3956D46DE8}") = "API", "API", "{08D2CCAE-CCC3-4F1C-AFCD-120F4B4A6416}"
EndProject
Project("{9A19103F-16F7-4668-BE54-9A1E7A4F7556}") = "BugTracker.API", "BugTracker.API\BugTracker.API.csproj", "{80BB7A60-B825-4697-9DD6-7611AEAE5EAD}"
EndProject
Project("{2150E333-8FDC-42A3-9474-1A3956D46DE8}") = "test", "test", "{4734E26C-7D6F-449E-B14B-2844F24372FA}"
EndProject
Project("{FAE04EC0-301F-11D3-BF4B-00C04F79EFBC}") = "BugTracker.Application.UnitTests", "BugTracker.Application.UnitTests\BugTracker.Application.UnitTests.csproj", "{6A06ECC6-8546-4F40-BE45-DABAE82C00D4}"
EndProject
Global
	GlobalSection(SolutionConfigurationPlatforms) = preSolution
		Debug|Any CPU = Debug|Any CPU
		Release|Any CPU = Release|Any CPU
	EndGlobalSection
	GlobalSection(ProjectConfigurationPlatforms) = postSolution
		{4F88CAAA-2D4A-4E4C-83EF-881E4A1BF808}.Debug|Any CPU.ActiveCfg = Debug|Any CPU
		{4F88CAAA-2D4A-4E4C-83EF-881E4A1BF808}.Debug|Any CPU.Build.0 = Debug|Any CPU
		{4F88CAAA-2D4A-4E4C-83EF-881E4A1BF808}.Release|Any CPU.ActiveCfg = Release|Any CPU
		{4F88CAAA-2D4A-4E4C-83EF-881E4A1BF808}.Release|Any CPU.Build.0 = Release|Any CPU
		{93F69ACC-1D8F-445F-94B5-6074B15D7CE7}.Debug|Any CPU.ActiveCfg = Debug|Any CPU
		{93F69ACC-1D8F-445F-94B5-6074B15D7CE7}.Debug|Any CPU.Build.0 = Debug|Any CPU
		{93F69ACC-1D8F-445F-94B5-6074B15D7CE7}.Release|Any CPU.ActiveCfg = Release|Any CPU
		{93F69ACC-1D8F-445F-94B5-6074B15D7CE7}.Release|Any CPU.Build.0 = Release|Any CPU
		{017F7F5C-5AD2-41A2-A2D1-460C8E748D9F}.Debug|Any CPU.ActiveCfg = Debug|Any CPU
		{017F7F5C-5AD2-41A2-A2D1-460C8E748D9F}.Debug|Any CPU.Build.0 = Debug|Any CPU
		{017F7F5C-5AD2-41A2-A2D1-460C8E748D9F}.Release|Any CPU.ActiveCfg = Release|Any CPU
		{017F7F5C-5AD2-41A2-A2D1-460C8E748D9F}.Release|Any CPU.Build.0 = Release|Any CPU
		{728AEE2B-841B-4FC0-B565-7BF876F3F238}.Debug|Any CPU.ActiveCfg = Debug|Any CPU
		{728AEE2B-841B-4FC0-B565-7BF876F3F238}.Debug|Any CPU.Build.0 = Debug|Any CPU
		{728AEE2B-841B-4FC0-B565-7BF876F3F238}.Release|Any CPU.ActiveCfg = Release|Any CPU
		{728AEE2B-841B-4FC0-B565-7BF876F3F238}.Release|Any CPU.Build.0 = Release|Any CPU
		{80BB7A60-B825-4697-9DD6-7611AEAE5EAD}.Debug|Any CPU.ActiveCfg = Debug|Any CPU
		{80BB7A60-B825-4697-9DD6-7611AEAE5EAD}.Debug|Any CPU.Build.0 = Debug|Any CPU
		{80BB7A60-B825-4697-9DD6-7611AEAE5EAD}.Release|Any CPU.ActiveCfg = Release|Any CPU
		{80BB7A60-B825-4697-9DD6-7611AEAE5EAD}.Release|Any CPU.Build.0 = Release|Any CPU
		{6A06ECC6-8546-4F40-BE45-DABAE82C00D4}.Debug|Any CPU.ActiveCfg = Debug|Any CPU
		{6A06ECC6-8546-4F40-BE45-DABAE82C00D4}.Debug|Any CPU.Build.0 = Debug|Any CPU
		{6A06ECC6-8546-4F40-BE45-DABAE82C00D4}.Release|Any CPU.ActiveCfg = Release|Any CPU
		{6A06ECC6-8546-4F40-BE45-DABAE82C00D4}.Release|Any CPU.Build.0 = Release|Any CPU
	EndGlobalSection
	GlobalSection(SolutionProperties) = preSolution
		HideSolutionNode = FALSE
	EndGlobalSection
	GlobalSection(NestedProjects) = preSolution
		{E0F0A493-BF2D-46DA-8932-DEE03AD0A172} = {35BB7376-78CD-4E9B-AB9D-A84AF07CA33D}
		{1B5E415F-0347-4CD9-AA9A-8C559F095514} = {35BB7376-78CD-4E9B-AB9D-A84AF07CA33D}
		{4F88CAAA-2D4A-4E4C-83EF-881E4A1BF808} = {E0F0A493-BF2D-46DA-8932-DEE03AD0A172}
		{93F69ACC-1D8F-445F-94B5-6074B15D7CE7} = {E0F0A493-BF2D-46DA-8932-DEE03AD0A172}
		{017F7F5C-5AD2-41A2-A2D1-460C8E748D9F} = {1B5E415F-0347-4CD9-AA9A-8C559F095514}
		{728AEE2B-841B-4FC0-B565-7BF876F3F238} = {1B5E415F-0347-4CD9-AA9A-8C559F095514}
		{08D2CCAE-CCC3-4F1C-AFCD-120F4B4A6416} = {35BB7376-78CD-4E9B-AB9D-A84AF07CA33D}
		{80BB7A60-B825-4697-9DD6-7611AEAE5EAD} = {08D2CCAE-CCC3-4F1C-AFCD-120F4B4A6416}
		{6A06ECC6-8546-4F40-BE45-DABAE82C00D4} = {4734E26C-7D6F-449E-B14B-2844F24372FA}
	EndGlobalSection
	GlobalSection(ExtensibilityGlobals) = postSolution
		SolutionGuid = {48A19150-4814-4622-ABF9-3517ACD44F58}
	EndGlobalSection
EndGlobal
