
Microsoft Visual Studio Solution File, Format Version 12.00
# Visual Studio Version 16
VisualStudioVersion = 16.0.31402.337
MinimumVisualStudioVersion = 10.0.40219.1
Project("{2150E333-8FDC-42A3-9474-1A3956D46DE8}") = "src", "src", "{35BB7376-78CD-4E9B-AB9D-A84AF07CA33D}"
EndProject
Project("{2150E333-8FDC-42A3-9474-1A3956D46DE8}") = "Core", "Core", "{E0F0A493-BF2D-46DA-8932-DEE03AD0A172}"
EndProject
Project("{2150E333-8FDC-42A3-9474-1A3956D46DE8}") = "Infrastructure", "Infrastructure", "{1B5E415F-0347-4CD9-AA9A-8C559F095514}"
EndProject
Project("{FAE04EC0-301F-11D3-BF4B-00C04F79EFBC}") = "BugTracker.Application", "BugTracker.Application\BugTracker.Application.csproj", "{4F88CAAA-2D4A-4E4C-83EF-881E4A1BF808}"
EndProject
Project("{FAE04EC0-301F-11D3-BF4B-00C04F79EFBC}") = "BugTracker.Domain", "BugTracker.Domain\BugTracker.Domain.csproj", "{93F69ACC-1D8F-445F-94B5-6074B15D7CE7}"
EndProject
Global
	GlobalSection(SolutionConfigurationPlatforms) = preSolution
		Debug|Any CPU = Debug|Any CPU
		Release|Any CPU = Release|Any CPU
	EndGlobalSection
	GlobalSection(ProjectConfigurationPlatforms) = postSolution
		{4F88CAAA-2D4A-4E4C-83EF-881E4A1BF808}.Debug|Any CPU.ActiveCfg = Debug|Any CPU
		{4F88CAAA-2D4A-4E4C-83EF-881E4A1BF808}.Debug|Any CPU.Build.0 = Debug|Any CPU
		{4F88CAAA-2D4A-4E4C-83EF-881E4A1BF808}.Release|Any CPU.ActiveCfg = Release|Any CPU
		{4F88CAAA-2D4A-4E4C-83EF-881E4A1BF808}.Release|Any CPU.Build.0 = Release|Any CPU
		{93F69ACC-1D8F-445F-94B5-6074B15D7CE7}.Debug|Any CPU.ActiveCfg = Debug|Any CPU
		{93F69ACC-1D8F-445F-94B5-6074B15D7CE7}.Debug|Any CPU.Build.0 = Debug|Any CPU
		{93F69ACC-1D8F-445F-94B5-6074B15D7CE7}.Release|Any CPU.ActiveCfg = Release|Any CPU
		{93F69ACC-1D8F-445F-94B5-6074B15D7CE7}.Release|Any CPU.Build.0 = Release|Any CPU
	EndGlobalSection
	GlobalSection(SolutionProperties) = preSolution
		HideSolutionNode = FALSE
	EndGlobalSection
	GlobalSection(NestedProjects) = preSolution
		{E0F0A493-BF2D-46DA-8932-DEE03AD0A172} = {35BB7376-78CD-4E9B-AB9D-A84AF07CA33D}
		{1B5E415F-0347-4CD9-AA9A-8C559F095514} = {35BB7376-78CD-4E9B-AB9D-A84AF07CA33D}
		{4F88CAAA-2D4A-4E4C-83EF-881E4A1BF808} = {E0F0A493-BF2D-46DA-8932-DEE03AD0A172}
		{93F69ACC-1D8F-445F-94B5-6074B15D7CE7} = {E0F0A493-BF2D-46DA-8932-DEE03AD0A172}
	EndGlobalSection
	GlobalSection(ExtensibilityGlobals) = postSolution
		SolutionGuid = {48A19150-4814-4622-ABF9-3517ACD44F58}
	EndGlobalSection
EndGlobal
